
Microsoft Visual Studio Solution File, Format Version 12.00
# Visual Studio 15
VisualStudioVersion = 15.0.28307.645
MinimumVisualStudioVersion = 10.0.40219.1
Project("{8BC9CEB8-8B4A-11D0-8D11-00A0C91BC942}") = "file", "file.vcxproj", "{4B144CE0-7735-4608-ABD9-0F9FFC96C903}"
EndProject
Global
	GlobalSection(SolutionConfigurationPlatforms) = preSolution
		Debug|x64 = Debug|x64
		Debug|x86 = Debug|x86
		Release|x64 = Release|x64
		Release|x86 = Release|x86
	EndGlobalSection
	GlobalSection(ProjectConfigurationPlatforms) = postSolution
		{4B144CE0-7735-4608-ABD9-0F9FFC96C903}.Debug|x64.ActiveCfg = Debug|x64
		{4B144CE0-7735-4608-ABD9-0F9FFC96C903}.Debug|x64.Build.0 = Debug|x64
		{4B144CE0-7735-4608-ABD9-0F9FFC96C903}.Debug|x86.ActiveCfg = Debug|Win32
		{4B144CE0-7735-4608-ABD9-0F9FFC96C903}.Debug|x86.Build.0 = Debug|Win32
		{4B144CE0-7735-4608-ABD9-0F9FFC96C903}.Release|x64.ActiveCfg = Release|x64
		{4B144CE0-7735-4608-ABD9-0F9FFC96C903}.Release|x64.Build.0 = Release|x64
		{4B144CE0-7735-4608-ABD9-0F9FFC96C903}.Release|x86.ActiveCfg = Release|Win32
		{4B144CE0-7735-4608-ABD9-0F9FFC96C903}.Release|x86.Build.0 = Release|Win32
	EndGlobalSection
	GlobalSection(SolutionProperties) = preSolution
		HideSolutionNode = FALSE
	EndGlobalSection
	GlobalSection(ExtensibilityGlobals) = postSolution
		SolutionGuid = {7F2DFF1E-3087-4A22-9337-E83B35176993}
	EndGlobalSection
EndGlobal
